{
  "version": 4,
  "terraform_version": "1.1.6",
  "serial": 18,
  "lineage": "35bf8e93-1bd5-94eb-906a-ba0744ef2712",
  "outputs": {},
  "resources": [
    {
      "mode": "managed",
      "type": "okta_group",
      "name": "example",
      "provider": "provider[\"registry.terraform.io/okta/okta\"]",
      "instances": [
        {
          "schema_version": 0,
          "attributes": {
            "custom_profile_attributes": "{}",
            "description": "My Example Group",
            "id": "00gdbz9l63OBUjKWJ5d7",
            "name": "new-1",
            "skip_users": false
          },
          "sensitive_attributes": [],
          "private": "bnVsbA=="
        }
      ]
    },
    {
      "mode": "managed",
      "type": "okta_user",
      "name": "iam",
      "provider": "provider[\"registry.terraform.io/okta/okta\"]",
      "instances": [
        {
          "schema_version": 0,
          "attributes": {
            "city": null,
            "cost_center": null,
            "country_code": null,
            "custom_profile_attributes": "{}",
            "custom_profile_attributes_to_ignore": null,
            "department": null,
            "display_name": null,
            "division": null,
            "email": "kalyandevops1997@gmail.com",
            "employee_number": null,
            "expire_password_on_create": false,
            "first_name": "new",
            "honorific_prefix": null,
            "honorific_suffix": null,
            "id": "00udbzbe8ugW4UHXz5d7",
            "last_name": "232",
            "locale": null,
            "login": "kalyandevops1997@gmail.com",
            "manager": null,
            "manager_id": null,
            "middle_name": null,
            "mobile_phone": null,
            "nick_name": null,
            "old_password": null,
            "organization": null,
            "password": null,
            "password_hash": [],
            "password_inline_hook": null,
            "postal_address": null,
            "preferred_language": null,
            "primary_phone": null,
            "profile_url": null,
            "raw_status": "PROVISIONED",
            "recovery_answer": null,
            "recovery_question": null,
            "second_email": null,
            "skip_roles": false,
            "state": null,
            "status": "PROVISIONED",
            "street_address": null,
            "timezone": null,
            "title": null,
            "user_type": null,
            "zip_code": null
          },
          "sensitive_attributes": [],
          "private": "bnVsbA=="
        }
      ]
    }
  ]
}
